{
  "name": "app",
  "lockfileVersion": 3,
  "requires": true,
  "packages": {
    "": {
      "dependencies": {
        "compilex": "^0.7.4"
      }
    },
    "node_modules/colors": {
      "version": "0.6.2",
      "engines": {
        "node": ">=0.1.90"
      }
    },
    "node_modules/compilex": {
      "version": "0.7.4",
      "resolved": "https://registry.npmjs.org/compilex/-/compilex-0.7.4.tgz",
      "integrity": "sha512-SmaN8RW3L91ha7QvMy4LDABEA7zmGP21a8Zmjo5SOfZdNXRpvPmUampewb8sA1RCnxx+voHNpjVc3U7rZLTQxA==",
      "dependencies": {
        "colors": "~0.6.2",
        "cuid": "~1.2.4"
      }
    },
    "node_modules/cuid": {
      "version": "1.2.5"
    }
  }
}
